
Microsoft Visual Studio Solution File, Format Version 12.00
# Visual Studio Version 17
VisualStudioVersion = 17.5.002.0
MinimumVisualStudioVersion = 10.0.40219.1
Project("{9A19103F-16F7-4668-BE54-9A1E7A4F7556}") = "Interpreter", "Interpreter.csproj", "{0F3D8D79-A353-4295-BDA8-416FE1453D60}"
EndProject
Global
	GlobalSection(SolutionConfigurationPlatforms) = preSolution
		Debug|Any CPU = Debug|Any CPU
		Release|Any CPU = Release|Any CPU
	EndGlobalSection
	GlobalSection(ProjectConfigurationPlatforms) = postSolution
		{0F3D8D79-A353-4295-BDA8-416FE1453D60}.Debug|Any CPU.ActiveCfg = Debug|Any CPU
		{0F3D8D79-A353-4295-BDA8-416FE1453D60}.Debug|Any CPU.Build.0 = Debug|Any CPU
		{0F3D8D79-A353-4295-BDA8-416FE1453D60}.Release|Any CPU.ActiveCfg = Release|Any CPU
		{0F3D8D79-A353-4295-BDA8-416FE1453D60}.Release|Any CPU.Build.0 = Release|Any CPU
	EndGlobalSection
	GlobalSection(SolutionProperties) = preSolution
		HideSolutionNode = FALSE
	EndGlobalSection
	GlobalSection(ExtensibilityGlobals) = postSolution
		SolutionGuid = {CEF83511-18CF-4610-AC13-EF4F32AE2B45}
	EndGlobalSection
EndGlobal
